
Microsoft Visual Studio Solution File, Format Version 9.00
# Visual Studio 2005
Project("{8BC9CEB8-8B4A-11D0-8D11-00A0C91BC942}") = "osgGIS", "osgGIS\osgGIS.vcproj", "{2D485665-54A9-41B3-9159-05BDF1EF328E}"
EndProject
Project("{8BC9CEB8-8B4A-11D0-8D11-00A0C91BC942}") = "osggis_viewer", "osggis_viewer\osggis_viewer.vcproj", "{E8D24161-65F0-4774-BCA5-2C6E9DFA488C}"
EndProject
Project("{8BC9CEB8-8B4A-11D0-8D11-00A0C91BC942}") = "osggis_simple", "osggis_simple\osggis_simple.vcproj", "{ED7C56BC-0BC8-4295-A2BF-F1D9FAAA2D76}"
EndProject
Project("{8BC9CEB8-8B4A-11D0-8D11-00A0C91BC942}") = "osggis_makelayer", "osggis_makelayer\osggis_makelayer.vcproj", "{3354BB77-DBE2-4F82-9C62-F936A0B9CAA7}"
EndProject
Project("{8BC9CEB8-8B4A-11D0-8D11-00A0C91BC942}") = "osgGISProjects", "osgGISProjects\osgGISProjects.vcproj", "{70A1AA44-B8AC-4B78-8FAE-B80D423F3273}"
	ProjectSection(ProjectDependencies) = postProject
		{2D485665-54A9-41B3-9159-05BDF1EF328E} = {2D485665-54A9-41B3-9159-05BDF1EF328E}
	EndProjectSection
EndProject
Project("{2150E333-8FDC-42A3-9474-1A3956D46DE8}") = "Libraries", "Libraries", "{818BB463-0377-44AE-998F-772DD30F1EE9}"
EndProject
Project("{2150E333-8FDC-42A3-9474-1A3956D46DE8}") = "Utilities", "Utilities", "{D57F7083-E77D-4583-ACD4-EC93D3229083}"
EndProject
Project("{8BC9CEB8-8B4A-11D0-8D11-00A0C91BC942}") = "osggis_build", "osggis_build\osggis_build.vcproj", "{49B4DCE5-9533-4AB3-9FFB-D1DD1553C236}"
	ProjectSection(ProjectDependencies) = postProject
		{70A1AA44-B8AC-4B78-8FAE-B80D423F3273} = {70A1AA44-B8AC-4B78-8FAE-B80D423F3273}
	EndProjectSection
EndProject
Global
	GlobalSection(SolutionConfigurationPlatforms) = preSolution
		Debug|Win32 = Debug|Win32
		Release|Win32 = Release|Win32
	EndGlobalSection
	GlobalSection(ProjectConfigurationPlatforms) = postSolution
		{2D485665-54A9-41B3-9159-05BDF1EF328E}.Debug|Win32.ActiveCfg = Debug|Win32
		{2D485665-54A9-41B3-9159-05BDF1EF328E}.Debug|Win32.Build.0 = Debug|Win32
		{2D485665-54A9-41B3-9159-05BDF1EF328E}.Release|Win32.ActiveCfg = Release|Win32
		{2D485665-54A9-41B3-9159-05BDF1EF328E}.Release|Win32.Build.0 = Release|Win32
		{E8D24161-65F0-4774-BCA5-2C6E9DFA488C}.Debug|Win32.ActiveCfg = Debug|Win32
		{E8D24161-65F0-4774-BCA5-2C6E9DFA488C}.Debug|Win32.Build.0 = Debug|Win32
		{E8D24161-65F0-4774-BCA5-2C6E9DFA488C}.Release|Win32.ActiveCfg = Release|Win32
		{E8D24161-65F0-4774-BCA5-2C6E9DFA488C}.Release|Win32.Build.0 = Release|Win32
		{ED7C56BC-0BC8-4295-A2BF-F1D9FAAA2D76}.Debug|Win32.ActiveCfg = Debug|Win32
		{ED7C56BC-0BC8-4295-A2BF-F1D9FAAA2D76}.Debug|Win32.Build.0 = Debug|Win32
		{ED7C56BC-0BC8-4295-A2BF-F1D9FAAA2D76}.Release|Win32.ActiveCfg = Release|Win32
		{ED7C56BC-0BC8-4295-A2BF-F1D9FAAA2D76}.Release|Win32.Build.0 = Release|Win32
		{3354BB77-DBE2-4F82-9C62-F936A0B9CAA7}.Debug|Win32.ActiveCfg = Debug|Win32
		{3354BB77-DBE2-4F82-9C62-F936A0B9CAA7}.Debug|Win32.Build.0 = Debug|Win32
		{3354BB77-DBE2-4F82-9C62-F936A0B9CAA7}.Release|Win32.ActiveCfg = Release|Win32
		{3354BB77-DBE2-4F82-9C62-F936A0B9CAA7}.Release|Win32.Build.0 = Release|Win32
		{70A1AA44-B8AC-4B78-8FAE-B80D423F3273}.Debug|Win32.ActiveCfg = Debug|Win32
		{70A1AA44-B8AC-4B78-8FAE-B80D423F3273}.Debug|Win32.Build.0 = Debug|Win32
		{70A1AA44-B8AC-4B78-8FAE-B80D423F3273}.Release|Win32.ActiveCfg = Release|Win32
		{70A1AA44-B8AC-4B78-8FAE-B80D423F3273}.Release|Win32.Build.0 = Release|Win32
		{49B4DCE5-9533-4AB3-9FFB-D1DD1553C236}.Debug|Win32.ActiveCfg = Debug|Win32
		{49B4DCE5-9533-4AB3-9FFB-D1DD1553C236}.Debug|Win32.Build.0 = Debug|Win32
		{49B4DCE5-9533-4AB3-9FFB-D1DD1553C236}.Release|Win32.ActiveCfg = Release|Win32
		{49B4DCE5-9533-4AB3-9FFB-D1DD1553C236}.Release|Win32.Build.0 = Release|Win32
	EndGlobalSection
	GlobalSection(SolutionProperties) = preSolution
		HideSolutionNode = FALSE
	EndGlobalSection
	GlobalSection(NestedProjects) = preSolution
		{70A1AA44-B8AC-4B78-8FAE-B80D423F3273} = {818BB463-0377-44AE-998F-772DD30F1EE9}
		{2D485665-54A9-41B3-9159-05BDF1EF328E} = {818BB463-0377-44AE-998F-772DD30F1EE9}
		{ED7C56BC-0BC8-4295-A2BF-F1D9FAAA2D76} = {D57F7083-E77D-4583-ACD4-EC93D3229083}
		{3354BB77-DBE2-4F82-9C62-F936A0B9CAA7} = {D57F7083-E77D-4583-ACD4-EC93D3229083}
		{E8D24161-65F0-4774-BCA5-2C6E9DFA488C} = {D57F7083-E77D-4583-ACD4-EC93D3229083}
		{49B4DCE5-9533-4AB3-9FFB-D1DD1553C236} = {D57F7083-E77D-4583-ACD4-EC93D3229083}
	EndGlobalSection
EndGlobal
